Microsoft Visual Studio Solution File, Format Version 12.00
# Visual Studio Version 17
VisualStudioVersion = 17.0.31903.59
MinimumVisualStudioVersion = 10.0.40219.1
Project("{2150E333-8FDC-42A3-9474-1A3956D46DE8}") = "src", "src", "{16E493F4-0E9D-4996-8EB6-EA1C4AE164FF}"
EndProject
Project("{2150E333-8FDC-42A3-9474-1A3956D46DE8}") = "tests", "tests", "{745DEDB2-096B-4BD3-84C8-2CE9EC7C245C}"
EndProject
Project("{9A19103F-16F7-4668-BE54-9A1E7A4F7556}") = "Naturino.Domain", "src\Naturino.Domain\Naturino.Domain.csproj", "{8D274756-FD97-4676-827A-7310F6379AF4}"
EndProject
Project("{9A19103F-16F7-4668-BE54-9A1E7A4F7556}") = "Naturino.Application", "src\Naturino.Application\Naturino.Application.csproj", "{D61F6190-4970-4BBA-8C2E-1B690F4C20D0}"
EndProject
Project("{9A19103F-16F7-4668-BE54-9A1E7A4F7556}") = "Naturino.Infrastructure", "src\Naturino.Infrastructure\Naturino.Infrastructure.csproj", "{0FDBBD7E-44C4-402A-A832-D13EA99DECCB}"
EndProject
Project("{9A19103F-16F7-4668-BE54-9A1E7A4F7556}") = "Naturino.API", "src\Naturino.API\Naturino.API.csproj", "{5764A80A-59F2-4417-8499-DB8152DDCC7E}"
EndProject
Project("{9A19103F-16F7-4668-BE54-9A1E7A4F7556}") = "Naturino.Application.Tests", "tests\Naturino.Application.Tests\Naturino.Application.Tests.csproj", "{B9E1D2C0-BE2F-4853-9C50-EFB09A17475F}"
EndProject
Project("{9A19103F-16F7-4668-BE54-9A1E7A4F7556}") = "Naturino.API.IntegrationTests", "tests\Naturino.API.IntegrationTests\Naturino.API.IntegrationTests.csproj", "{D9C044B9-6AAC-40D1-A7C8-BA6626619B30}"
EndProject
Global
	GlobalSection(SolutionConfigurationPlatforms) = preSolution
		Debug|Any CPU = Debug|Any CPU
		Release|Any CPU = Release|Any CPU
	EndGlobalSection
	GlobalSection(ProjectConfigurationPlatforms) = postSolution
		{8D274756-FD97-4676-827A-7310F6379AF4}.Debug|Any CPU.ActiveCfg = Debug|Any CPU
		{8D274756-FD97-4676-827A-7310F6379AF4}.Debug|Any CPU.Build.0 = Debug|Any CPU
		{8D274756-FD97-4676-827A-7310F6379AF4}.Release|Any CPU.ActiveCfg = Release|Any CPU
		{8D274756-FD97-4676-827A-7310F6379AF4}.Release|Any CPU.Build.0 = Release|Any CPU
		{D61F6190-4970-4BBA-8C2E-1B690F4C20D0}.Debug|Any CPU.ActiveCfg = Debug|Any CPU
		{D61F6190-4970-4BBA-8C2E-1B690F4C20D0}.Debug|Any CPU.Build.0 = Debug|Any CPU
		{D61F6190-4970-4BBA-8C2E-1B690F4C20D0}.Release|Any CPU.ActiveCfg = Release|Any CPU
		{D61F6190-4970-4BBA-8C2E-1B690F4C20D0}.Release|Any CPU.Build.0 = Release|Any CPU
		{0FDBBD7E-44C4-402A-A832-D13EA99DECCB}.Debug|Any CPU.ActiveCfg = Debug|Any CPU
		{0FDBBD7E-44C4-402A-A832-D13EA99DECCB}.Debug|Any CPU.Build.0 = Debug|Any CPU
		{0FDBBD7E-44C4-402A-A832-D13EA99DECCB}.Release|Any CPU.ActiveCfg = Release|Any CPU
		{0FDBBD7E-44C4-402A-A832-D13EA99DECCB}.Release|Any CPU.Build.0 = Release|Any CPU
		{5764A80A-59F2-4417-8499-DB8152DDCC7E}.Debug|Any CPU.ActiveCfg = Debug|Any CPU
		{5764A80A-59F2-4417-8499-DB8152DDCC7E}.Debug|Any CPU.Build.0 = Debug|Any CPU
		{5764A80A-59F2-4417-8499-DB8152DDCC7E}.Release|Any CPU.ActiveCfg = Release|Any CPU
		{5764A80A-59F2-4417-8499-DB8152DDCC7E}.Release|Any CPU.Build.0 = Release|Any CPU
		{B9E1D2C0-BE2F-4853-9C50-EFB09A17475F}.Debug|Any CPU.ActiveCfg = Debug|Any CPU
		{B9E1D2C0-BE2F-4853-9C50-EFB09A17475F}.Debug|Any CPU.Build.0 = Debug|Any CPU
		{B9E1D2C0-BE2F-4853-9C50-EFB09A17475F}.Release|Any CPU.ActiveCfg = Release|Any CPU
		{B9E1D2C0-BE2F-4853-9C50-EFB09A17475F}.Release|Any CPU.Build.0 = Release|Any CPU
		{D9C044B9-6AAC-40D1-A7C8-BA6626619B30}.Debug|Any CPU.ActiveCfg = Debug|Any CPU
		{D9C044B9-6AAC-40D1-A7C8-BA6626619B30}.Debug|Any CPU.Build.0 = Debug|Any CPU
		{D9C044B9-6AAC-40D1-A7C8-BA6626619B30}.Release|Any CPU.ActiveCfg = Release|Any CPU
		{D9C044B9-6AAC-40D1-A7C8-BA6626619B30}.Release|Any CPU.Build.0 = Release|Any CPU
	EndGlobalSection
	GlobalSection(SolutionProperties) = preSolution
		HideSolutionNode = FALSE
	EndGlobalSection
	GlobalSection(NestedProjects) = preSolution
		{8D274756-FD97-4676-827A-7310F6379AF4} = {16E493F4-0E9D-4996-8EB6-EA1C4AE164FF}
		{D61F6190-4970-4BBA-8C2E-1B690F4C20D0} = {16E493F4-0E9D-4996-8EB6-EA1C4AE164FF}
		{0FDBBD7E-44C4-402A-A832-D13EA99DECCB} = {16E493F4-0E9D-4996-8EB6-EA1C4AE164FF}
		{5764A80A-59F2-4417-8499-DB8152DDCC7E} = {16E493F4-0E9D-4996-8EB6-EA1C4AE164FF}
		{B9E1D2C0-BE2F-4853-9C50-EFB09A17475F} = {745DEDB2-096B-4BD3-84C8-2CE9EC7C245C}
		{D9C044B9-6AAC-40D1-A7C8-BA6626619B30} = {745DEDB2-096B-4BD3-84C8-2CE9EC7C245C}
	EndGlobalSection
	GlobalSection(ExtensibilityGlobals) = postSolution
		SolutionGuid = {ACEAA9CC-A32D-4C6C-8193-3F994CE1D311}
	EndGlobalSection
EndGlobal
